// !$*UTF8*$!
{
	archiveVersion = 1;
	classes = {};
	objectVersion = 77;
	objects = {

/* Begin PBXBuildFile section */
		A00000000000000000000101 /* BLKTRCKRApp.swift in Sources */ = {isa = PBXBuildFile; fileRef = A00000000000000000000201 /* BLKTRCKRApp.swift */; };
		A00000000000000000000102 /* AppDelegate.swift in Sources */ = {isa = PBXBuildFile; fileRef = A00000000000000000000202 /* AppDelegate.swift */; };
		A00000000000000000000103 /* AppState.swift in Sources */ = {isa = PBXBuildFile; fileRef = A00000000000000000000203 /* AppState.swift */; };
		A00000000000000000000104 /* TimeBlock.swift in Sources */ = {isa = PBXBuildFile; fileRef = A00000000000000000000204 /* TimeBlock.swift */; };
		A00000000000000000000105 /* Database.swift in Sources */ = {isa = PBXBuildFile; fileRef = A00000000000000000000205 /* Database.swift */; };
		A00000000000000000000106 /* NotificationManager.swift in Sources */ = {isa = PBXBuildFile; fileRef = A00000000000000000000206 /* NotificationManager.swift */; };
		A00000000000000000000107 /* LaunchAtLoginController.swift in Sources */ = {isa = PBXBuildFile; fileRef = A00000000000000000000207 /* LaunchAtLoginController.swift */; };
		A00000000000000000000108 /* MenuBarContentView.swift in Sources */ = {isa = PBXBuildFile; fileRef = A00000000000000000000208 /* MenuBarContentView.swift */; };
		A00000000000000000000109 /* StartBlockView.swift in Sources */ = {isa = PBXBuildFile; fileRef = A00000000000000000000209 /* StartBlockView.swift */; };
		A0000000000000000000010A /* SettingsView.swift in Sources */ = {isa = PBXBuildFile; fileRef = A0000000000000000000020A /* SettingsView.swift */; };
		A0000000000000000000010B /* MainWindowView.swift in Sources */ = {isa = PBXBuildFile; fileRef = A0000000000000000000020B /* MainWindowView.swift */; };
		A0000000000000000000010C /* TimelineView.swift in Sources */ = {isa = PBXBuildFile; fileRef = A0000000000000000000020C /* TimelineView.swift */; };
		A0000000000000000000010D /* libsqlite3.tbd in Frameworks */ = {isa = PBXBuildFile; fileRef = A0000000000000000000020D /* libsqlite3.tbd */; };
		A0000000000000000000010E /* BLKTRCKRTests.swift in Sources */ = {isa = PBXBuildFile; fileRef = A00000000000000000000210 /* BLKTRCKRTests.swift */; };
		A0000000000000000000010F /* XCTest.framework in Frameworks */ = {isa = PBXBuildFile; fileRef = A00000000000000000000212 /* XCTest.framework */; };
		A00000000000000000000110 /* SummaryMetrics.swift in Sources */ = {isa = PBXBuildFile; fileRef = A00000000000000000000213 /* SummaryMetrics.swift */; };
		A00000000000000000000111 /* SummariesView.swift in Sources */ = {isa = PBXBuildFile; fileRef = A00000000000000000000214 /* SummariesView.swift */; };
		A00000000000000000000112 /* EventAppearance.swift in Sources */ = {isa = PBXBuildFile; fileRef = A00000000000000000000215 /* EventAppearance.swift */; };
/* End PBXBuildFile section */

/* Begin PBXFileReference section */
		A00000000000000000000201 /* BLKTRCKRApp.swift */ = {isa = PBXFileReference; lastKnownFileType = sourcecode.swift; path = BLKTRCKRApp.swift; sourceTree = "<group>"; };
		A00000000000000000000202 /* AppDelegate.swift */ = {isa = PBXFileReference; lastKnownFileType = sourcecode.swift; path = AppDelegate.swift; sourceTree = "<group>"; };
		A00000000000000000000203 /* AppState.swift */ = {isa = PBXFileReference; lastKnownFileType = sourcecode.swift; path = AppState.swift; sourceTree = "<group>"; };
		A00000000000000000000204 /* TimeBlock.swift */ = {isa = PBXFileReference; lastKnownFileType = sourcecode.swift; path = TimeBlock.swift; sourceTree = "<group>"; };
		A00000000000000000000205 /* Database.swift */ = {isa = PBXFileReference; lastKnownFileType = sourcecode.swift; path = Database.swift; sourceTree = "<group>"; };
		A00000000000000000000206 /* NotificationManager.swift */ = {isa = PBXFileReference; lastKnownFileType = sourcecode.swift; path = NotificationManager.swift; sourceTree = "<group>"; };
		A00000000000000000000207 /* LaunchAtLoginController.swift */ = {isa = PBXFileReference; lastKnownFileType = sourcecode.swift; path = LaunchAtLoginController.swift; sourceTree = "<group>"; };
		A00000000000000000000208 /* MenuBarContentView.swift */ = {isa = PBXFileReference; lastKnownFileType = sourcecode.swift; path = MenuBarContentView.swift; sourceTree = "<group>"; };
		A00000000000000000000209 /* StartBlockView.swift */ = {isa = PBXFileReference; lastKnownFileType = sourcecode.swift; path = StartBlockView.swift; sourceTree = "<group>"; };
		A0000000000000000000020A /* SettingsView.swift */ = {isa = PBXFileReference; lastKnownFileType = sourcecode.swift; path = SettingsView.swift; sourceTree = "<group>"; };
		A0000000000000000000020B /* MainWindowView.swift */ = {isa = PBXFileReference; lastKnownFileType = sourcecode.swift; path = MainWindowView.swift; sourceTree = "<group>"; };
		A0000000000000000000020C /* TimelineView.swift */ = {isa = PBXFileReference; lastKnownFileType = sourcecode.swift; path = TimelineView.swift; sourceTree = "<group>"; };
		A0000000000000000000020D /* libsqlite3.tbd */ = {isa = PBXFileReference; lastKnownFileType = "sourcecode.text-based-dylib-definition"; name = libsqlite3.tbd; path = usr/lib/libsqlite3.tbd; sourceTree = SDKROOT; };
		A0000000000000000000020E /* Info.plist */ = {isa = PBXFileReference; lastKnownFileType = text.plist.xml; path = Info.plist; sourceTree = "<group>"; };
		A0000000000000000000020F /* BLKTRCKR.app */ = {isa = PBXFileReference; explicitFileType = wrapper.application; includeInIndex = 0; path = BLKTRCKR.app; sourceTree = BUILT_PRODUCTS_DIR; };
		A00000000000000000000210 /* BLKTRCKRTests.swift */ = {isa = PBXFileReference; lastKnownFileType = sourcecode.swift; path = BLKTRCKRTests.swift; sourceTree = "<group>"; };
		A00000000000000000000211 /* BLKTRCKRTests.xctest */ = {isa = PBXFileReference; explicitFileType = wrapper.cfbundle; includeInIndex = 0; path = BLKTRCKRTests.xctest; sourceTree = BUILT_PRODUCTS_DIR; };
		A00000000000000000000212 /* XCTest.framework */ = {isa = PBXFileReference; lastKnownFileType = wrapper.framework; name = XCTest.framework; path = System/Library/Frameworks/XCTest.framework; sourceTree = SDKROOT; };
		A00000000000000000000213 /* SummaryMetrics.swift */ = {isa = PBXFileReference; lastKnownFileType = sourcecode.swift; path = SummaryMetrics.swift; sourceTree = "<group>"; };
		A00000000000000000000214 /* SummariesView.swift */ = {isa = PBXFileReference; lastKnownFileType = sourcecode.swift; path = SummariesView.swift; sourceTree = "<group>"; };
		A00000000000000000000215 /* EventAppearance.swift */ = {isa = PBXFileReference; lastKnownFileType = sourcecode.swift; path = EventAppearance.swift; sourceTree = "<group>"; };
/* End PBXFileReference section */

/* Begin PBXFrameworksBuildPhase section */
		A00000000000000000000301 /* Frameworks */ = {
			isa = PBXFrameworksBuildPhase;
			buildActionMask = 2147483647;
			files = (
				A0000000000000000000010D /* libsqlite3.tbd in Frameworks */,
			);
			runOnlyForDeploymentPostprocessing = 0;
		};
		A00000000000000000000304 /* Frameworks */ = {
			isa = PBXFrameworksBuildPhase;
			buildActionMask = 2147483647;
			files = (A0000000000000000000010F /* XCTest.framework in Frameworks */,);
			runOnlyForDeploymentPostprocessing = 0;
		};
/* End PBXFrameworksBuildPhase section */

/* Begin PBXContainerItemProxy section */
		A00000000000000000000901 /* PBXContainerItemProxy */ = {
			isa = PBXContainerItemProxy;
			containerPortal = A00000000000000000000601 /* Project object */;
			proxyType = 1;
			remoteGlobalIDString = A00000000000000000000501;
			remoteInfo = BLKTRCKR;
		};
/* End PBXContainerItemProxy section */

/* Begin PBXGroup section */
		A00000000000000000000401 = {
			isa = PBXGroup;
			children = (
				A00000000000000000000402 /* BLKTRCKR */,
				A0000000000000000000040A /* BLKTRCKRTests */,
				A00000000000000000000408 /* Frameworks */,
				A00000000000000000000409 /* Products */,
			);
			sourceTree = "<group>";
		};
		A00000000000000000000402 /* BLKTRCKR */ = {
			isa = PBXGroup;
			children = (
				A00000000000000000000403 /* App */,
				A00000000000000000000404 /* Model */,
				A00000000000000000000405 /* Persistence */,
				A00000000000000000000406 /* Lifecycle */,
				A00000000000000000000407 /* Views */,
				A0000000000000000000020E /* Info.plist */,
			);
			path = BLKTRCKR;
			sourceTree = "<group>";
		};
		A00000000000000000000403 /* App */ = {
			isa = PBXGroup;
			children = (
				A00000000000000000000201 /* BLKTRCKRApp.swift */,
				A00000000000000000000202 /* AppDelegate.swift */,
				A00000000000000000000203 /* AppState.swift */,
			);
			path = App;
			sourceTree = "<group>";
		};
		A00000000000000000000404 /* Model */ = {
			isa = PBXGroup;
			children = (
				A00000000000000000000204 /* TimeBlock.swift */,
				A00000000000000000000213 /* SummaryMetrics.swift */,
				A00000000000000000000215 /* EventAppearance.swift */,
			);
			path = Model;
			sourceTree = "<group>";
		};
		A00000000000000000000405 /* Persistence */ = {
			isa = PBXGroup;
			children = (A00000000000000000000205 /* Database.swift */,);
			path = Persistence;
			sourceTree = "<group>";
		};
		A00000000000000000000406 /* Lifecycle */ = {
			isa = PBXGroup;
			children = (
				A00000000000000000000206 /* NotificationManager.swift */,
				A00000000000000000000207 /* LaunchAtLoginController.swift */,
			);
			path = Lifecycle;
			sourceTree = "<group>";
		};
		A00000000000000000000407 /* Views */ = {
			isa = PBXGroup;
			children = (
				A00000000000000000000208 /* MenuBarContentView.swift */,
				A00000000000000000000209 /* StartBlockView.swift */,
				A0000000000000000000020A /* SettingsView.swift */,
				A0000000000000000000020B /* MainWindowView.swift */,
				A0000000000000000000020C /* TimelineView.swift */,
				A00000000000000000000214 /* SummariesView.swift */,
			);
			path = Views;
			sourceTree = "<group>";
		};
		A00000000000000000000408 /* Frameworks */ = {
			isa = PBXGroup;
			children = (
				A0000000000000000000020D /* libsqlite3.tbd */,
				A00000000000000000000212 /* XCTest.framework */,
			);
			name = Frameworks;
			sourceTree = "<group>";
		};
		A00000000000000000000409 /* Products */ = {
			isa = PBXGroup;
			children = (
				A0000000000000000000020F /* BLKTRCKR.app */,
				A00000000000000000000211 /* BLKTRCKRTests.xctest */,
			);
			name = Products;
			sourceTree = "<group>";
		};
		A0000000000000000000040A /* BLKTRCKRTests */ = {
			isa = PBXGroup;
			children = (A00000000000000000000210 /* BLKTRCKRTests.swift */,);
			path = BLKTRCKRTests;
			sourceTree = "<group>";
		};
/* End PBXGroup section */

/* Begin PBXNativeTarget section */
		A00000000000000000000501 /* BLKTRCKR */ = {
			isa = PBXNativeTarget;
			buildConfigurationList = A00000000000000000000702 /* Build configuration list for PBXNativeTarget "BLKTRCKR" */;
			buildPhases = (
				A00000000000000000000302 /* Sources */,
				A00000000000000000000301 /* Frameworks */,
				A00000000000000000000303 /* Resources */,
			);
			buildRules = ();
			dependencies = ();
			name = BLKTRCKR;
			productName = BLKTRCKR;
			productReference = A0000000000000000000020F /* BLKTRCKR.app */;
			productType = "com.apple.product-type.application";
		};
		A00000000000000000000502 /* BLKTRCKRTests */ = {
			isa = PBXNativeTarget;
			buildConfigurationList = A00000000000000000000703 /* Build configuration list for PBXNativeTarget "BLKTRCKRTests" */;
			buildPhases = (
				A00000000000000000000305 /* Sources */,
				A00000000000000000000304 /* Frameworks */,
				A00000000000000000000306 /* Resources */,
			);
			buildRules = ();
			dependencies = (A00000000000000000000902 /* PBXTargetDependency */,);
			name = BLKTRCKRTests;
			productName = BLKTRCKRTests;
			productReference = A00000000000000000000211 /* BLKTRCKRTests.xctest */;
			productType = "com.apple.product-type.bundle.unit-test";
		};
/* End PBXNativeTarget section */

/* Begin PBXTargetDependency section */
		A00000000000000000000902 /* PBXTargetDependency */ = {
			isa = PBXTargetDependency;
			target = A00000000000000000000501 /* BLKTRCKR */;
			targetProxy = A00000000000000000000901 /* PBXContainerItemProxy */;
		};
/* End PBXTargetDependency section */

/* Begin PBXProject section */
		A00000000000000000000601 /* Project object */ = {
			isa = PBXProject;
			attributes = {
				BuildIndependentTargetsInParallel = 1;
				LastSwiftUpdateCheck = 2660;
				LastUpgradeCheck = 2660;
				TargetAttributes = {
					A00000000000000000000501 = { CreatedOnToolsVersion = 26.6; };
					A00000000000000000000502 = { CreatedOnToolsVersion = 26.6; TestTargetID = A00000000000000000000501; };
				};
			};
			buildConfigurationList = A00000000000000000000701 /* Build configuration list for PBXProject "BLKTRCKR" */;
			developmentRegion = en;
			hasScannedForEncodings = 0;
			knownRegions = (en, Base,);
			mainGroup = A00000000000000000000401;
			minimizedProjectReferenceProxies = 1;
			preferredProjectObjectVersion = 77;
			productRefGroup = A00000000000000000000409 /* Products */;
			projectDirPath = "";
			projectRoot = "";
			targets = (
				A00000000000000000000501 /* BLKTRCKR */,
				A00000000000000000000502 /* BLKTRCKRTests */,
			);
		};
/* End PBXProject section */

/* Begin PBXResourcesBuildPhase section */
		A00000000000000000000303 /* Resources */ = {
			isa = PBXResourcesBuildPhase;
			buildActionMask = 2147483647;
			files = ();
			runOnlyForDeploymentPostprocessing = 0;
		};
		A00000000000000000000306 /* Resources */ = {
			isa = PBXResourcesBuildPhase;
			buildActionMask = 2147483647;
			files = ();
			runOnlyForDeploymentPostprocessing = 0;
		};
/* End PBXResourcesBuildPhase section */

/* Begin PBXSourcesBuildPhase section */
		A00000000000000000000302 /* Sources */ = {
			isa = PBXSourcesBuildPhase;
			buildActionMask = 2147483647;
			files = (
				A00000000000000000000101 /* BLKTRCKRApp.swift in Sources */,
				A00000000000000000000102 /* AppDelegate.swift in Sources */,
				A00000000000000000000103 /* AppState.swift in Sources */,
				A00000000000000000000104 /* TimeBlock.swift in Sources */,
				A00000000000000000000105 /* Database.swift in Sources */,
				A00000000000000000000106 /* NotificationManager.swift in Sources */,
				A00000000000000000000107 /* LaunchAtLoginController.swift in Sources */,
				A00000000000000000000108 /* MenuBarContentView.swift in Sources */,
				A00000000000000000000109 /* StartBlockView.swift in Sources */,
				A0000000000000000000010A /* SettingsView.swift in Sources */,
				A0000000000000000000010B /* MainWindowView.swift in Sources */,
				A0000000000000000000010C /* TimelineView.swift in Sources */,
				A00000000000000000000110 /* SummaryMetrics.swift in Sources */,
				A00000000000000000000111 /* SummariesView.swift in Sources */,
				A00000000000000000000112 /* EventAppearance.swift in Sources */,
			);
			runOnlyForDeploymentPostprocessing = 0;
		};
		A00000000000000000000305 /* Sources */ = {
			isa = PBXSourcesBuildPhase;
			buildActionMask = 2147483647;
			files = (A0000000000000000000010E /* BLKTRCKRTests.swift in Sources */,);
			runOnlyForDeploymentPostprocessing = 0;
		};
/* End PBXSourcesBuildPhase section */

/* Begin XCBuildConfiguration section */
		A00000000000000000000801 /* Debug */ = {
			isa = XCBuildConfiguration;
			buildSettings = {
				ALWAYS_SEARCH_USER_PATHS = NO;
				CLANG_ENABLE_MODULES = YES;
				CLANG_ENABLE_OBJC_ARC = YES;
				COPY_PHASE_STRIP = NO;
				DEBUG_INFORMATION_FORMAT = dwarf;
				ENABLE_TESTABILITY = YES;
				GCC_C_LANGUAGE_STANDARD = gnu17;
				GCC_OPTIMIZATION_LEVEL = 0;
				MACOSX_DEPLOYMENT_TARGET = 26.0;
				ONLY_ACTIVE_ARCH = YES;
				SDKROOT = macosx;
				SWIFT_ACTIVE_COMPILATION_CONDITIONS = "DEBUG $(inherited)";
				SWIFT_OPTIMIZATION_LEVEL = "-Onone";
			};
			name = Debug;
		};
		A00000000000000000000802 /* Release */ = {
			isa = XCBuildConfiguration;
			buildSettings = {
				ALWAYS_SEARCH_USER_PATHS = NO;
				CLANG_ENABLE_MODULES = YES;
				CLANG_ENABLE_OBJC_ARC = YES;
				COPY_PHASE_STRIP = NO;
				DEBUG_INFORMATION_FORMAT = "dwarf-with-dsym";
				ENABLE_NS_ASSERTIONS = NO;
				GCC_C_LANGUAGE_STANDARD = gnu17;
				MACOSX_DEPLOYMENT_TARGET = 26.0;
				SDKROOT = macosx;
				SWIFT_COMPILATION_MODE = wholemodule;
				SWIFT_OPTIMIZATION_LEVEL = "-O";
			};
			name = Release;
		};
		A00000000000000000000803 /* Debug */ = {
			isa = XCBuildConfiguration;
			buildSettings = {
				CODE_SIGN_STYLE = Automatic;
				COMBINE_HIDPI_IMAGES = YES;
				CURRENT_PROJECT_VERSION = 1;
				ENABLE_HARDENED_RUNTIME = YES;
				GENERATE_INFOPLIST_FILE = NO;
				INFOPLIST_FILE = BLKTRCKR/Info.plist;
				LD_RUNPATH_SEARCH_PATHS = "$(inherited) @executable_path/../Frameworks";
				MARKETING_VERSION = 1.0;
				PRODUCT_BUNDLE_IDENTIFIER = com.fetch.blktrckr;
				PRODUCT_NAME = "$(TARGET_NAME)";
				SWIFT_EMIT_LOC_STRINGS = YES;
				SWIFT_STRICT_CONCURRENCY = targeted;
				SWIFT_VERSION = 5.0;
			};
			name = Debug;
		};
		A00000000000000000000804 /* Release */ = {
			isa = XCBuildConfiguration;
			buildSettings = {
				CODE_SIGN_STYLE = Automatic;
				COMBINE_HIDPI_IMAGES = YES;
				CURRENT_PROJECT_VERSION = 1;
				ENABLE_HARDENED_RUNTIME = YES;
				GENERATE_INFOPLIST_FILE = NO;
				INFOPLIST_FILE = BLKTRCKR/Info.plist;
				LD_RUNPATH_SEARCH_PATHS = "$(inherited) @executable_path/../Frameworks";
				MARKETING_VERSION = 1.0;
				PRODUCT_BUNDLE_IDENTIFIER = com.fetch.blktrckr;
				PRODUCT_NAME = "$(TARGET_NAME)";
				SWIFT_EMIT_LOC_STRINGS = YES;
				SWIFT_STRICT_CONCURRENCY = targeted;
				SWIFT_VERSION = 5.0;
			};
			name = Release;
		};
		A00000000000000000000805 /* Debug */ = {
			isa = XCBuildConfiguration;
			buildSettings = {
				BUNDLE_LOADER = "$(TEST_HOST)";
				CODE_SIGN_STYLE = Automatic;
				GENERATE_INFOPLIST_FILE = YES;
				MACOSX_DEPLOYMENT_TARGET = 26.0;
				PRODUCT_BUNDLE_IDENTIFIER = com.fetch.blktrckr.tests;
				PRODUCT_NAME = "$(TARGET_NAME)";
				SWIFT_VERSION = 5.0;
				TEST_HOST = "$(BUILT_PRODUCTS_DIR)/BLKTRCKR.app/Contents/MacOS/BLKTRCKR";
			};
			name = Debug;
		};
		A00000000000000000000806 /* Release */ = {
			isa = XCBuildConfiguration;
			buildSettings = {
				BUNDLE_LOADER = "$(TEST_HOST)";
				CODE_SIGN_STYLE = Automatic;
				GENERATE_INFOPLIST_FILE = YES;
				MACOSX_DEPLOYMENT_TARGET = 26.0;
				PRODUCT_BUNDLE_IDENTIFIER = com.fetch.blktrckr.tests;
				PRODUCT_NAME = "$(TARGET_NAME)";
				SWIFT_VERSION = 5.0;
				TEST_HOST = "$(BUILT_PRODUCTS_DIR)/BLKTRCKR.app/Contents/MacOS/BLKTRCKR";
			};
			name = Release;
		};
/* End XCBuildConfiguration section */

/* Begin XCConfigurationList section */
		A00000000000000000000701 /* Build configuration list for PBXProject "BLKTRCKR" */ = {
			isa = XCConfigurationList;
			buildConfigurations = (
				A00000000000000000000801 /* Debug */,
				A00000000000000000000802 /* Release */,
			);
			defaultConfigurationIsVisible = 0;
			defaultConfigurationName = Release;
		};
		A00000000000000000000702 /* Build configuration list for PBXNativeTarget "BLKTRCKR" */ = {
			isa = XCConfigurationList;
			buildConfigurations = (
				A00000000000000000000803 /* Debug */,
				A00000000000000000000804 /* Release */,
			);
			defaultConfigurationIsVisible = 0;
			defaultConfigurationName = Release;
		};
		A00000000000000000000703 /* Build configuration list for PBXNativeTarget "BLKTRCKRTests" */ = {
			isa = XCConfigurationList;
			buildConfigurations = (
				A00000000000000000000805 /* Debug */,
				A00000000000000000000806 /* Release */,
			);
			defaultConfigurationIsVisible = 0;
			defaultConfigurationName = Release;
		};
/* End XCConfigurationList section */
	};
	rootObject = A00000000000000000000601 /* Project object */;
}
